
Microsoft Visual Studio Solution File, Format Version 12.00
# Visual Studio Version 16
VisualStudioVersion = 16.0.31911.196
MinimumVisualStudioVersion = 10.0.40219.1
Project("{9A19103F-16F7-4668-BE54-9A1E7A4F7556}") = "SzGui04", "SzGui04\SzGui04.csproj", "{72A43977-D510-4025-B5E1-C21B467FB8DA}"
EndProject
Global
	GlobalSection(SolutionConfigurationPlatforms) = preSolution
		Debug|Any CPU = Debug|Any CPU
		Release|Any CPU = Release|Any CPU
	EndGlobalSection
	GlobalSection(ProjectConfigurationPlatforms) = postSolution
		{72A43977-D510-4025-B5E1-C21B467FB8DA}.Debug|Any CPU.ActiveCfg = Debug|Any CPU
		{72A43977-D510-4025-B5E1-C21B467FB8DA}.Debug|Any CPU.Build.0 = Debug|Any CPU
		{72A43977-D510-4025-B5E1-C21B467FB8DA}.Release|Any CPU.ActiveCfg = Release|Any CPU
		{72A43977-D510-4025-B5E1-C21B467FB8DA}.Release|Any CPU.Build.0 = Release|Any CPU
	EndGlobalSection
	GlobalSection(SolutionProperties) = preSolution
		HideSolutionNode = FALSE
	EndGlobalSection
	GlobalSection(ExtensibilityGlobals) = postSolution
		SolutionGuid = {41D02515-83DE-4347-B798-372A2EB3DEBD}
	EndGlobalSection
EndGlobal
